
Microsoft Visual Studio Solution File, Format Version 12.00
# Visual Studio Version 17
VisualStudioVersion = 17.14.36603.0 d17.14
MinimumVisualStudioVersion = 10.0.40219.1
Project("{FAE04EC0-301F-11D3-BF4B-00C04F79EFBC}") = "QuickPoll", "QuickPoll\QuickPoll.csproj", "{A108D2A9-390A-4698-B4D3-6CD8EFD5CDF9}"
EndProject
Global
	GlobalSection(SolutionConfigurationPlatforms) = preSolution
		Debug|Any CPU = Debug|Any CPU
		Release|Any CPU = Release|Any CPU
	EndGlobalSection
	GlobalSection(ProjectConfigurationPlatforms) = postSolution
		{A108D2A9-390A-4698-B4D3-6CD8EFD5CDF9}.Debug|Any CPU.ActiveCfg = Debug|Any CPU
		{A108D2A9-390A-4698-B4D3-6CD8EFD5CDF9}.Debug|Any CPU.Build.0 = Debug|Any CPU
		{A108D2A9-390A-4698-B4D3-6CD8EFD5CDF9}.Release|Any CPU.ActiveCfg = Release|Any CPU
		{A108D2A9-390A-4698-B4D3-6CD8EFD5CDF9}.Release|Any CPU.Build.0 = Release|Any CPU
	EndGlobalSection
	GlobalSection(SolutionProperties) = preSolution
		HideSolutionNode = FALSE
	EndGlobalSection
	GlobalSection(ExtensibilityGlobals) = postSolution
		SolutionGuid = {677A968E-D555-4577-85A1-345283AB2B4E}
	EndGlobalSection
EndGlobal
